// !$*UTF8*$!
{
	archiveVersion = 1;
	classes = {
	};
	objectVersion = 48;
	objects = {

/* Begin PBXBuildFile section */
		5F0D92A82023A9D800D9FBEF /* AppDelegate.swift in Sources */ = {isa = PBXBuildFile; fileRef = 5F0D92A72023A9D800D9FBEF /* AppDelegate.swift */; };
		5F0D92AA2023A9D800D9FBEF /* ViewController.swift in Sources */ = {isa = PBXBuildFile; fileRef = 5F0D92A92023A9D800D9FBEF /* ViewController.swift */; };
		5F0D92AD2023A9D800D9FBEF /* Main.storyboard in Resources */ = {isa = PBXBuildFile; fileRef = 5F0D92AB2023A9D800D9FBEF /* Main.storyboard */; };
		5F0D92B02023A9D800D9FBEF /* Manulife_Account.xcdatamodeld in Sources */ = {isa = PBXBuildFile; fileRef = 5F0D92AE2023A9D800D9FBEF /* Manulife_Account.xcdatamodeld */; };
		5F0D92B22023A9D800D9FBEF /* Assets.xcassets in Resources */ = {isa = PBXBuildFile; fileRef = 5F0D92B12023A9D800D9FBEF /* Assets.xcassets */; };
		5F0D92B52023A9D800D9FBEF /* LaunchScreen.storyboard in Resources */ = {isa = PBXBuildFile; fileRef = 5F0D92B32023A9D800D9FBEF /* LaunchScreen.storyboard */; };
		5F0D92C82023AFAA00D9FBEF /* Storyboard.swift in Sources */ = {isa = PBXBuildFile; fileRef = 5F0D92C72023AFAA00D9FBEF /* Storyboard.swift */; };
		5F0D92CA2023AFC500D9FBEF /* LaunchViewController.swift in Sources */ = {isa = PBXBuildFile; fileRef = 5F0D92C92023AFC500D9FBEF /* LaunchViewController.swift */; };
		5F0D92CC2023AFD200D9FBEF /* LaunchViewController.storyboard in Resources */ = {isa = PBXBuildFile; fileRef = 5F0D92CB2023AFD200D9FBEF /* LaunchViewController.storyboard */; };
		5F0D92CF2023B02100D9FBEF /* UIViewExtensions.swift in Sources */ = {isa = PBXBuildFile; fileRef = 5F0D92CE2023B02100D9FBEF /* UIViewExtensions.swift */; };
		5F0D92D12023B04000D9FBEF /* KeychainWrapper.swift in Sources */ = {isa = PBXBuildFile; fileRef = 5F0D92D02023B04000D9FBEF /* KeychainWrapper.swift */; };
		5F0D92D32023B31400D9FBEF /* AccountsViewController.swift in Sources */ = {isa = PBXBuildFile; fileRef = 5F0D92D22023B31400D9FBEF /* AccountsViewController.swift */; };
		5F0D92D52023B33900D9FBEF /* AccountsViewController.storyboard in Resources */ = {isa = PBXBuildFile; fileRef = 5F0D92D42023B33900D9FBEF /* AccountsViewController.storyboard */; };
		5F0D92D72023BDB200D9FBEF /* Localizable.strings in Resources */ = {isa = PBXBuildFile; fileRef = 5F0D92D62023BDB200D9FBEF /* Localizable.strings */; };
		5F0D92D92023BE3200D9FBEF /* StringExtension.swift in Sources */ = {isa = PBXBuildFile; fileRef = 5F0D92D82023BE3200D9FBEF /* StringExtension.swift */; };
		5F0D92DD2023C0B000D9FBEF /* Account.swift in Sources */ = {isa = PBXBuildFile; fileRef = 5F0D92DC2023C0B000D9FBEF /* Account.swift */; };
		5F0D92DF2023C1D600D9FBEF /* Activity.swift in Sources */ = {isa = PBXBuildFile; fileRef = 5F0D92DE2023C1D600D9FBEF /* Activity.swift */; };
		5F0D92E12023C3C500D9FBEF /* Transaction.swift in Sources */ = {isa = PBXBuildFile; fileRef = 5F0D92E02023C3C500D9FBEF /* Transaction.swift */; };
		5F0D92E32023C48800D9FBEF /* BankService.swift in Sources */ = {isa = PBXBuildFile; fileRef = 5F0D92E22023C48800D9FBEF /* BankService.swift */; };
		5F0D92E72023D14400D9FBEF /* AccountTableViewCell.swift in Sources */ = {isa = PBXBuildFile; fileRef = 5F0D92E52023D14400D9FBEF /* AccountTableViewCell.swift */; };
		5F0D92E82023D14400D9FBEF /* AccountTableViewCell.xib in Resources */ = {isa = PBXBuildFile; fileRef = 5F0D92E62023D14400D9FBEF /* AccountTableViewCell.xib */; };
		5F0D92EA2023D21100D9FBEF /* UITableViewExtension.swift in Sources */ = {isa = PBXBuildFile; fileRef = 5F0D92E92023D21100D9FBEF /* UITableViewExtension.swift */; };
		5F0D92EC2023D27000D9FBEF /* ReusableView.swift in Sources */ = {isa = PBXBuildFile; fileRef = 5F0D92EB2023D27000D9FBEF /* ReusableView.swift */; };
		5F0D92EE2023D2B000D9FBEF /* ConfigurableCell.swift in Sources */ = {isa = PBXBuildFile; fileRef = 5F0D92ED2023D2B000D9FBEF /* ConfigurableCell.swift */; };
		5F0D92F02023DFBA00D9FBEF /* Font.swift in Sources */ = {isa = PBXBuildFile; fileRef = 5F0D92EF2023DFBA00D9FBEF /* Font.swift */; };
		5F0D92F22023DFE100D9FBEF /* Color.swift in Sources */ = {isa = PBXBuildFile; fileRef = 5F0D92F12023DFE100D9FBEF /* Color.swift */; };
		5F0D92F42023E02900D9FBEF /* Style.swift in Sources */ = {isa = PBXBuildFile; fileRef = 5F0D92F32023E02900D9FBEF /* Style.swift */; };
		5F0D92FB2023E9D600D9FBEF /* SimpleSectionTableViewCell.swift in Sources */ = {isa = PBXBuildFile; fileRef = 5F0D92F92023E9D600D9FBEF /* SimpleSectionTableViewCell.swift */; };
		5F0D92FC2023E9D600D9FBEF /* SimpleSectionTableViewCell.xib in Resources */ = {isa = PBXBuildFile; fileRef = 5F0D92FA2023E9D600D9FBEF /* SimpleSectionTableViewCell.xib */; };
		5F0D93012024026300D9FBEF /* SimpleFooterTableViewCell.swift in Sources */ = {isa = PBXBuildFile; fileRef = 5F0D92FF2024026300D9FBEF /* SimpleFooterTableViewCell.swift */; };
		5F0D93022024026300D9FBEF /* SimpleFooterTableViewCell.xib in Resources */ = {isa = PBXBuildFile; fileRef = 5F0D93002024026300D9FBEF /* SimpleFooterTableViewCell.xib */; };
		5F0D93042024190B00D9FBEF /* DoubleExtension.swift in Sources */ = {isa = PBXBuildFile; fileRef = 5F0D93032024190B00D9FBEF /* DoubleExtension.swift */; };
		9647F050DBA4C71031B8BB89 /* Pods_Manulife_Account.framework in Frameworks */ = {isa = PBXBuildFile; fileRef = 48634F8B316BE1FADF7C8A98 /* Pods_Manulife_Account.framework */; };
/* End PBXBuildFile section */

/* Begin PBXFileReference section */
		2338F2FB3E96D9CCFA245BC2 /* Pods-Manulife Account.debug.xcconfig */ = {isa = PBXFileReference; includeInIndex = 1; lastKnownFileType = text.xcconfig; name = "Pods-Manulife Account.debug.xcconfig"; path = "Pods/Target Support Files/Pods-Manulife Account/Pods-Manulife Account.debug.xcconfig"; sourceTree = "<group>"; };
		48634F8B316BE1FADF7C8A98 /* Pods_Manulife_Account.framework */ = {isa = PBXFileReference; explicitFileType = wrapper.framework; includeInIndex = 0; path = Pods_Manulife_Account.framework; sourceTree = BUILT_PRODUCTS_DIR; };
		5F0D92A42023A9D800D9FBEF /* Manulife Account.app */ = {isa = PBXFileReference; explicitFileType = wrapper.application; includeInIndex = 0; path = "Manulife Account.app"; sourceTree = BUILT_PRODUCTS_DIR; };
		5F0D92A72023A9D800D9FBEF /* AppDelegate.swift */ = {isa = PBXFileReference; lastKnownFileType = sourcecode.swift; path = AppDelegate.swift; sourceTree = "<group>"; };
		5F0D92A92023A9D800D9FBEF /* ViewController.swift */ = {isa = PBXFileReference; lastKnownFileType = sourcecode.swift; path = ViewController.swift; sourceTree = "<group>"; };
		5F0D92AC2023A9D800D9FBEF /* Base */ = {isa = PBXFileReference; lastKnownFileType = file.storyboard; name = Base; path = Base.lproj/Main.storyboard; sourceTree = "<group>"; };
		5F0D92AF2023A9D800D9FBEF /* Manulife_Account.xcdatamodel */ = {isa = PBXFileReference; lastKnownFileType = wrapper.xcdatamodel; path = Manulife_Account.xcdatamodel; sourceTree = "<group>"; };
		5F0D92B12023A9D800D9FBEF /* Assets.xcassets */ = {isa = PBXFileReference; lastKnownFileType = folder.assetcatalog; path = Assets.xcassets; sourceTree = "<group>"; };
		5F0D92B42023A9D800D9FBEF /* Base */ = {isa = PBXFileReference; lastKnownFileType = file.storyboard; name = Base; path = Base.lproj/LaunchScreen.storyboard; sourceTree = "<group>"; };
		5F0D92B62023A9D800D9FBEF /* Info.plist */ = {isa = PBXFileReference; lastKnownFileType = text.plist.xml; path = Info.plist; sourceTree = "<group>"; };
		5F0D92C72023AFAA00D9FBEF /* Storyboard.swift */ = {isa = PBXFileReference; lastKnownFileType = sourcecode.swift; path = Storyboard.swift; sourceTree = "<group>"; };
		5F0D92C92023AFC500D9FBEF /* LaunchViewController.swift */ = {isa = PBXFileReference; lastKnownFileType = sourcecode.swift; path = LaunchViewController.swift; sourceTree = "<group>"; };
		5F0D92CB2023AFD200D9FBEF /* LaunchViewController.storyboard */ = {isa = PBXFileReference; lastKnownFileType = file.storyboard; path = LaunchViewController.storyboard; sourceTree = "<group>"; };
		5F0D92CE2023B02100D9FBEF /* UIViewExtensions.swift */ = {isa = PBXFileReference; lastKnownFileType = sourcecode.swift; path = UIViewExtensions.swift; sourceTree = "<group>"; };
		5F0D92D02023B04000D9FBEF /* KeychainWrapper.swift */ = {isa = PBXFileReference; lastKnownFileType = sourcecode.swift; path = KeychainWrapper.swift; sourceTree = "<group>"; };
		5F0D92D22023B31400D9FBEF /* AccountsViewController.swift */ = {isa = PBXFileReference; lastKnownFileType = sourcecode.swift; path = AccountsViewController.swift; sourceTree = "<group>"; };
		5F0D92D42023B33900D9FBEF /* AccountsViewController.storyboard */ = {isa = PBXFileReference; lastKnownFileType = file.storyboard; path = AccountsViewController.storyboard; sourceTree = "<group>"; };
		5F0D92D62023BDB200D9FBEF /* Localizable.strings */ = {isa = PBXFileReference; lastKnownFileType = text.plist.strings; path = Localizable.strings; sourceTree = "<group>"; };
		5F0D92D82023BE3200D9FBEF /* StringExtension.swift */ = {isa = PBXFileReference; lastKnownFileType = sourcecode.swift; path = StringExtension.swift; sourceTree = "<group>"; };
		5F0D92DC2023C0B000D9FBEF /* Account.swift */ = {isa = PBXFileReference; lastKnownFileType = sourcecode.swift; path = Account.swift; sourceTree = "<group>"; };
		5F0D92DE2023C1D600D9FBEF /* Activity.swift */ = {isa = PBXFileReference; lastKnownFileType = sourcecode.swift; path = Activity.swift; sourceTree = "<group>"; };
		5F0D92E02023C3C500D9FBEF /* Transaction.swift */ = {isa = PBXFileReference; lastKnownFileType = sourcecode.swift; path = Transaction.swift; sourceTree = "<group>"; };
		5F0D92E22023C48800D9FBEF /* BankService.swift */ = {isa = PBXFileReference; lastKnownFileType = sourcecode.swift; path = BankService.swift; sourceTree = "<group>"; };
		5F0D92E52023D14400D9FBEF /* AccountTableViewCell.swift */ = {isa = PBXFileReference; lastKnownFileType = sourcecode.swift; path = AccountTableViewCell.swift; sourceTree = "<group>"; };
		5F0D92E62023D14400D9FBEF /* AccountTableViewCell.xib */ = {isa = PBXFileReference; lastKnownFileType = file.xib; path = AccountTableViewCell.xib; sourceTree = "<group>"; };
		5F0D92E92023D21100D9FBEF /* UITableViewExtension.swift */ = {isa = PBXFileReference; lastKnownFileType = sourcecode.swift; path = UITableViewExtension.swift; sourceTree = "<group>"; };
		5F0D92EB2023D27000D9FBEF /* ReusableView.swift */ = {isa = PBXFileReference; lastKnownFileType = sourcecode.swift; path = ReusableView.swift; sourceTree = "<group>"; };
		5F0D92ED2023D2B000D9FBEF /* ConfigurableCell.swift */ = {isa = PBXFileReference; lastKnownFileType = sourcecode.swift; path = ConfigurableCell.swift; sourceTree = "<group>"; };
		5F0D92EF2023DFBA00D9FBEF /* Font.swift */ = {isa = PBXFileReference; lastKnownFileType = sourcecode.swift; path = Font.swift; sourceTree = "<group>"; };
		5F0D92F12023DFE100D9FBEF /* Color.swift */ = {isa = PBXFileReference; lastKnownFileType = sourcecode.swift; path = Color.swift; sourceTree = "<group>"; };
		5F0D92F32023E02900D9FBEF /* Style.swift */ = {isa = PBXFileReference; lastKnownFileType = sourcecode.swift; path = Style.swift; sourceTree = "<group>"; };
		5F0D92F92023E9D600D9FBEF /* SimpleSectionTableViewCell.swift */ = {isa = PBXFileReference; lastKnownFileType = sourcecode.swift; path = SimpleSectionTableViewCell.swift; sourceTree = "<group>"; };
		5F0D92FA2023E9D600D9FBEF /* SimpleSectionTableViewCell.xib */ = {isa = PBXFileReference; lastKnownFileType = file.xib; path = SimpleSectionTableViewCell.xib; sourceTree = "<group>"; };
		5F0D92FF2024026300D9FBEF /* SimpleFooterTableViewCell.swift */ = {isa = PBXFileReference; lastKnownFileType = sourcecode.swift; path = SimpleFooterTableViewCell.swift; sourceTree = "<group>"; };
		5F0D93002024026300D9FBEF /* SimpleFooterTableViewCell.xib */ = {isa = PBXFileReference; lastKnownFileType = file.xib; path = SimpleFooterTableViewCell.xib; sourceTree = "<group>"; };
		5F0D93032024190B00D9FBEF /* DoubleExtension.swift */ = {isa = PBXFileReference; lastKnownFileType = sourcecode.swift; path = DoubleExtension.swift; sourceTree = "<group>"; };
		7DE6E9CD45A6A19805C2DF01 /* Pods-Manulife Account.release.xcconfig */ = {isa = PBXFileReference; includeInIndex = 1; lastKnownFileType = text.xcconfig; name = "Pods-Manulife Account.release.xcconfig"; path = "Pods/Target Support Files/Pods-Manulife Account/Pods-Manulife Account.release.xcconfig"; sourceTree = "<group>"; };
/* End PBXFileReference section */

/* Begin PBXFrameworksBuildPhase section */
		5F0D92A12023A9D800D9FBEF /* Frameworks */ = {
			isa = PBXFrameworksBuildPhase;
			buildActionMask = 2147483647;
			files = (
				9647F050DBA4C71031B8BB89 /* Pods_Manulife_Account.framework in Frameworks */,
			);
			runOnlyForDeploymentPostprocessing = 0;
		};
/* End PBXFrameworksBuildPhase section */

/* Begin PBXGroup section */
		0196C12523F7D8BBACAF7371 /* Frameworks */ = {
			isa = PBXGroup;
			children = (
				48634F8B316BE1FADF7C8A98 /* Pods_Manulife_Account.framework */,
			);
			name = Frameworks;
			sourceTree = "<group>";
		};
		5F0D929B2023A9D800D9FBEF = {
			isa = PBXGroup;
			children = (
				5F0D92BC2023AD3D00D9FBEF /* Manulife Account */,
				5F0D92A52023A9D800D9FBEF /* Products */,
				7BE84511B3D35B53442131F0 /* Pods */,
				0196C12523F7D8BBACAF7371 /* Frameworks */,
			);
			sourceTree = "<group>";
		};
		5F0D92A52023A9D800D9FBEF /* Products */ = {
			isa = PBXGroup;
			children = (
				5F0D92A42023A9D800D9FBEF /* Manulife Account.app */,
			);
			name = Products;
			sourceTree = "<group>";
		};
		5F0D92A62023A9D800D9FBEF /* Supporting Files */ = {
			isa = PBXGroup;
			children = (
				5F0D92A72023A9D800D9FBEF /* AppDelegate.swift */,
				5F0D92A92023A9D800D9FBEF /* ViewController.swift */,
				5F0D92AB2023A9D800D9FBEF /* Main.storyboard */,
				5F0D92B12023A9D800D9FBEF /* Assets.xcassets */,
				5F0D92B32023A9D800D9FBEF /* LaunchScreen.storyboard */,
				5F0D92B62023A9D800D9FBEF /* Info.plist */,
				5F0D92AE2023A9D800D9FBEF /* Manulife_Account.xcdatamodeld */,
			);
			path = "Supporting Files";
			sourceTree = "<group>";
		};
		5F0D92BC2023AD3D00D9FBEF /* Manulife Account */ = {
			isa = PBXGroup;
			children = (
				5F0D92C52023AF8600D9FBEF /* Model */,
				5F0D92C42023AF8100D9FBEF /* Localization */,
				5F0D92C32023AF7D00D9FBEF /* Style */,
				5F0D92C22023AF7500D9FBEF /* Extensions */,
				5F0D92BF2023AF5A00D9FBEF /* Services */,
				5F0D92BE2023AF4D00D9FBEF /* Views */,
				5F0D92BD2023AF4900D9FBEF /* Controllers */,
				5F0D92A62023A9D800D9FBEF /* Supporting Files */,
			);
			path = "Manulife Account";
			sourceTree = "<group>";
		};
		5F0D92BD2023AF4900D9FBEF /* Controllers */ = {
			isa = PBXGroup;
			children = (
				5F0D92C92023AFC500D9FBEF /* LaunchViewController.swift */,
				5F0D92CB2023AFD200D9FBEF /* LaunchViewController.storyboard */,
				5F0D92D22023B31400D9FBEF /* AccountsViewController.swift */,
				5F0D92D42023B33900D9FBEF /* AccountsViewController.storyboard */,
			);
			path = Controllers;
			sourceTree = "<group>";
		};
		5F0D92BE2023AF4D00D9FBEF /* Views */ = {
			isa = PBXGroup;
			children = (
				5F0D92E42023D12400D9FBEF /* Cells */,
			);
			path = Views;
			sourceTree = "<group>";
		};
		5F0D92BF2023AF5A00D9FBEF /* Services */ = {
			isa = PBXGroup;
			children = (
				5F0D92DB2023C00200D9FBEF /* API */,
			);
			path = Services;
			sourceTree = "<group>";
		};
		5F0D92C22023AF7500D9FBEF /* Extensions */ = {
			isa = PBXGroup;
			children = (
				5F0D92CD2023B01100D9FBEF /* Wrappers */,
				5F0D92CE2023B02100D9FBEF /* UIViewExtensions.swift */,
				5F0D92D82023BE3200D9FBEF /* StringExtension.swift */,
				5F0D92E92023D21100D9FBEF /* UITableViewExtension.swift */,
				5F0D93032024190B00D9FBEF /* DoubleExtension.swift */,
			);
			path = Extensions;
			sourceTree = "<group>";
		};
		5F0D92C32023AF7D00D9FBEF /* Style */ = {
			isa = PBXGroup;
			children = (
				5F0D92EF2023DFBA00D9FBEF /* Font.swift */,
				5F0D92F12023DFE100D9FBEF /* Color.swift */,
				5F0D92F32023E02900D9FBEF /* Style.swift */,
			);
			path = Style;
			sourceTree = "<group>";
		};
		5F0D92C42023AF8100D9FBEF /* Localization */ = {
			isa = PBXGroup;
			children = (
				5F0D92D62023BDB200D9FBEF /* Localizable.strings */,
			);
			path = Localization;
			sourceTree = "<group>";
		};
		5F0D92C52023AF8600D9FBEF /* Model */ = {
			isa = PBXGroup;
			children = (
				5F0D92C62023AF9D00D9FBEF /* Protocols */,
				5F0D92C72023AFAA00D9FBEF /* Storyboard.swift */,
				5F0D92DC2023C0B000D9FBEF /* Account.swift */,
				5F0D92DE2023C1D600D9FBEF /* Activity.swift */,
				5F0D92E02023C3C500D9FBEF /* Transaction.swift */,
			);
			path = Model;
			sourceTree = "<group>";
		};
		5F0D92C62023AF9D00D9FBEF /* Protocols */ = {
			isa = PBXGroup;
			children = (
				5F0D92EB2023D27000D9FBEF /* ReusableView.swift */,
				5F0D92ED2023D2B000D9FBEF /* ConfigurableCell.swift */,
			);
			path = Protocols;
			sourceTree = "<group>";
		};
		5F0D92CD2023B01100D9FBEF /* Wrappers */ = {
			isa = PBXGroup;
			children = (
				5F0D92D02023B04000D9FBEF /* KeychainWrapper.swift */,
			);
			path = Wrappers;
			sourceTree = "<group>";
		};
		5F0D92DB2023C00200D9FBEF /* API */ = {
			isa = PBXGroup;
			children = (
				5F0D92E22023C48800D9FBEF /* BankService.swift */,
			);
			path = API;
			sourceTree = "<group>";
		};
		5F0D92E42023D12400D9FBEF /* Cells */ = {
			isa = PBXGroup;
			children = (
				5F0D92E52023D14400D9FBEF /* AccountTableViewCell.swift */,
				5F0D92E62023D14400D9FBEF /* AccountTableViewCell.xib */,
				5F0D92F92023E9D600D9FBEF /* SimpleSectionTableViewCell.swift */,
				5F0D92FA2023E9D600D9FBEF /* SimpleSectionTableViewCell.xib */,
				5F0D92FF2024026300D9FBEF /* SimpleFooterTableViewCell.swift */,
				5F0D93002024026300D9FBEF /* SimpleFooterTableViewCell.xib */,
			);
			path = Cells;
			sourceTree = "<group>";
		};
		7BE84511B3D35B53442131F0 /* Pods */ = {
			isa = PBXGroup;
			children = (
				2338F2FB3E96D9CCFA245BC2 /* Pods-Manulife Account.debug.xcconfig */,
				7DE6E9CD45A6A19805C2DF01 /* Pods-Manulife Account.release.xcconfig */,
			);
			name = Pods;
			sourceTree = "<group>";
		};
/* End PBXGroup section */

/* Begin PBXNativeTarget section */
		5F0D92A32023A9D800D9FBEF /* Manulife Account */ = {
			isa = PBXNativeTarget;
			buildConfigurationList = 5F0D92B92023A9D800D9FBEF /* Build configuration list for PBXNativeTarget "Manulife Account" */;
			buildPhases = (
				749F9D5B3D8DDC416AC130C1 /* [CP] Check Pods Manifest.lock */,
				5F0D92A02023A9D800D9FBEF /* Sources */,
				5F0D92A12023A9D800D9FBEF /* Frameworks */,
				5F0D92A22023A9D800D9FBEF /* Resources */,
				DAE51FEAA970CEB7DA6B9898 /* [CP] Embed Pods Frameworks */,
				FD5293537CE76A739745B34A /* [CP] Copy Pods Resources */,
			);
			buildRules = (
			);
			dependencies = (
			);
			name = "Manulife Account";
			productName = "Manulife Account";
			productReference = 5F0D92A42023A9D800D9FBEF /* Manulife Account.app */;
			productType = "com.apple.product-type.application";
		};
/* End PBXNativeTarget section */

/* Begin PBXProject section */
		5F0D929C2023A9D800D9FBEF /* Project object */ = {
			isa = PBXProject;
			attributes = {
				LastSwiftUpdateCheck = 0920;
				LastUpgradeCheck = 0920;
				ORGANIZATIONNAME = jeff;
				TargetAttributes = {
					5F0D92A32023A9D800D9FBEF = {
						CreatedOnToolsVersion = 9.2;
						ProvisioningStyle = Automatic;
					};
				};
			};
			buildConfigurationList = 5F0D929F2023A9D800D9FBEF /* Build configuration list for PBXProject "Manulife Account" */;
			compatibilityVersion = "Xcode 8.0";
			developmentRegion = en;
			hasScannedForEncodings = 0;
			knownRegions = (
				en,
				Base,
			);
			mainGroup = 5F0D929B2023A9D800D9FBEF;
			productRefGroup = 5F0D92A52023A9D800D9FBEF /* Products */;
			projectDirPath = "";
			projectRoot = "";
			targets = (
				5F0D92A32023A9D800D9FBEF /* Manulife Account */,
			);
		};
/* End PBXProject section */

/* Begin PBXResourcesBuildPhase section */
		5F0D92A22023A9D800D9FBEF /* Resources */ = {
			isa = PBXResourcesBuildPhase;
			buildActionMask = 2147483647;
			files = (
				5F0D92CC2023AFD200D9FBEF /* LaunchViewController.storyboard in Resources */,
				5F0D92FC2023E9D600D9FBEF /* SimpleSectionTableViewCell.xib in Resources */,
				5F0D92D72023BDB200D9FBEF /* Localizable.strings in Resources */,
				5F0D92B52023A9D800D9FBEF /* LaunchScreen.storyboard in Resources */,
				5F0D92B22023A9D800D9FBEF /* Assets.xcassets in Resources */,
				5F0D93022024026300D9FBEF /* SimpleFooterTableViewCell.xib in Resources */,
				5F0D92D52023B33900D9FBEF /* AccountsViewController.storyboard in Resources */,
				5F0D92E82023D14400D9FBEF /* AccountTableViewCell.xib in Resources */,
				5F0D92AD2023A9D800D9FBEF /* Main.storyboard in Resources */,
			);
			runOnlyForDeploymentPostprocessing = 0;
		};
/* End PBXResourcesBuildPhase section */

/* Begin PBXShellScriptBuildPhase section */
		749F9D5B3D8DDC416AC130C1 /* [CP] Check Pods Manifest.lock */ = {
			isa = PBXShellScriptBuildPhase;
			buildActionMask = 2147483647;
			files = (
			);
			inputPaths = (
			);
			name = "[CP] Check Pods Manifest.lock";
			outputPaths = (
			);
			runOnlyForDeploymentPostprocessing = 0;
			shellPath = /bin/sh;
			shellScript = "diff \"${PODS_PODFILE_DIR_PATH}/Podfile.lock\" \"${PODS_ROOT}/Manifest.lock\" > /dev/null\nif [ $? != 0 ] ; then\n    # print error to STDERR\n    echo \"error: The sandbox is not in sync with the Podfile.lock. Run 'pod install' or update your CocoaPods installation.\" >&2\n    exit 1\nfi\n";
			showEnvVarsInLog = 0;
		};
		DAE51FEAA970CEB7DA6B9898 /* [CP] Embed Pods Frameworks */ = {
			isa = PBXShellScriptBuildPhase;
			buildActionMask = 2147483647;
			files = (
			);
			inputPaths = (
			);
			name = "[CP] Embed Pods Frameworks";
			outputPaths = (
			);
			runOnlyForDeploymentPostprocessing = 0;
			shellPath = /bin/sh;
			shellScript = "\"${SRCROOT}/Pods/Target Support Files/Pods-Manulife Account/Pods-Manulife Account-frameworks.sh\"\n";
			showEnvVarsInLog = 0;
		};
		FD5293537CE76A739745B34A /* [CP] Copy Pods Resources */ = {
			isa = PBXShellScriptBuildPhase;
			buildActionMask = 2147483647;
			files = (
			);
			inputPaths = (
			);
			name = "[CP] Copy Pods Resources";
			outputPaths = (
			);
			runOnlyForDeploymentPostprocessing = 0;
			shellPath = /bin/sh;
			shellScript = "\"${SRCROOT}/Pods/Target Support Files/Pods-Manulife Account/Pods-Manulife Account-resources.sh\"\n";
			showEnvVarsInLog = 0;
		};
/* End PBXShellScriptBuildPhase section */

/* Begin PBXSourcesBuildPhase section */
		5F0D92A02023A9D800D9FBEF /* Sources */ = {
			isa = PBXSourcesBuildPhase;
			buildActionMask = 2147483647;
			files = (
				5F0D92DF2023C1D600D9FBEF /* Activity.swift in Sources */,
				5F0D92C82023AFAA00D9FBEF /* Storyboard.swift in Sources */,
				5F0D92E12023C3C500D9FBEF /* Transaction.swift in Sources */,
				5F0D92CA2023AFC500D9FBEF /* LaunchViewController.swift in Sources */,
				5F0D93012024026300D9FBEF /* SimpleFooterTableViewCell.swift in Sources */,
				5F0D92B02023A9D800D9FBEF /* Manulife_Account.xcdatamodeld in Sources */,
				5F0D92D12023B04000D9FBEF /* KeychainWrapper.swift in Sources */,
				5F0D92FB2023E9D600D9FBEF /* SimpleSectionTableViewCell.swift in Sources */,
				5F0D92EA2023D21100D9FBEF /* UITableViewExtension.swift in Sources */,
				5F0D92EE2023D2B000D9FBEF /* ConfigurableCell.swift in Sources */,
				5F0D92AA2023A9D800D9FBEF /* ViewController.swift in Sources */,
				5F0D92E32023C48800D9FBEF /* BankService.swift in Sources */,
				5F0D92DD2023C0B000D9FBEF /* Account.swift in Sources */,
				5F0D92F22023DFE100D9FBEF /* Color.swift in Sources */,
				5F0D92D92023BE3200D9FBEF /* StringExtension.swift in Sources */,
				5F0D92EC2023D27000D9FBEF /* ReusableView.swift in Sources */,
				5F0D93042024190B00D9FBEF /* DoubleExtension.swift in Sources */,
				5F0D92CF2023B02100D9FBEF /* UIViewExtensions.swift in Sources */,
				5F0D92F02023DFBA00D9FBEF /* Font.swift in Sources */,
				5F0D92E72023D14400D9FBEF /* AccountTableViewCell.swift in Sources */,
				5F0D92D32023B31400D9FBEF /* AccountsViewController.swift in Sources */,
				5F0D92A82023A9D800D9FBEF /* AppDelegate.swift in Sources */,
				5F0D92F42023E02900D9FBEF /* Style.swift in Sources */,
			);
			runOnlyForDeploymentPostprocessing = 0;
		};
/* End PBXSourcesBuildPhase section */

/* Begin PBXVariantGroup section */
		5F0D92AB2023A9D800D9FBEF /* Main.storyboard */ = {
			isa = PBXVariantGroup;
			children = (
				5F0D92AC2023A9D800D9FBEF /* Base */,
			);
			name = Main.storyboard;
			sourceTree = "<group>";
		};
		5F0D92B32023A9D800D9FBEF /* LaunchScreen.storyboard */ = {
			isa = PBXVariantGroup;
			children = (
				5F0D92B42023A9D800D9FBEF /* Base */,
			);
			name = LaunchScreen.storyboard;
			sourceTree = "<group>";
		};
/* End PBXVariantGroup section */

/* Begin XCBuildConfiguration section */
		5F0D92B72023A9D800D9FBEF /* Debug */ = {
			isa = XCBuildConfiguration;
			buildSettings = {
				ALWAYS_SEARCH_USER_PATHS = NO;
				CLANG_ANALYZER_NONNULL = YES;
				CLANG_ANALYZER_NUMBER_OBJECT_CONVERSION = YES_AGGRESSIVE;
				CLANG_CXX_LANGUAGE_STANDARD = "gnu++14";
				CLANG_CXX_LIBRARY = "libc++";
				CLANG_ENABLE_MODULES = YES;
				CLANG_ENABLE_OBJC_ARC = YES;
				CLANG_WARN_BLOCK_CAPTURE_AUTORELEASING = YES;
				CLANG_WARN_BOOL_CONVERSION = YES;
				CLANG_WARN_COMMA = YES;
				CLANG_WARN_CONSTANT_CONVERSION = YES;
				CLANG_WARN_DIRECT_OBJC_ISA_USAGE = YES_ERROR;
				CLANG_WARN_DOCUMENTATION_COMMENTS = YES;
				CLANG_WARN_EMPTY_BODY = YES;
				CLANG_WARN_ENUM_CONVERSION = YES;
				CLANG_WARN_INFINITE_RECURSION = YES;
				CLANG_WARN_INT_CONVERSION = YES;
				CLANG_WARN_NON_LITERAL_NULL_CONVERSION = YES;
				CLANG_WARN_OBJC_LITERAL_CONVERSION = YES;
				CLANG_WARN_OBJC_ROOT_CLASS = YES_ERROR;
				CLANG_WARN_RANGE_LOOP_ANALYSIS = YES;
				CLANG_WARN_STRICT_PROTOTYPES = YES;
				CLANG_WARN_SUSPICIOUS_MOVE = YES;
				CLANG_WARN_UNGUARDED_AVAILABILITY = YES_AGGRESSIVE;
				CLANG_WARN_UNREACHABLE_CODE = YES;
				CLANG_WARN__DUPLICATE_METHOD_MATCH = YES;
				CODE_SIGN_IDENTITY = "iPhone Developer";
				COPY_PHASE_STRIP = NO;
				DEBUG_INFORMATION_FORMAT = dwarf;
				ENABLE_STRICT_OBJC_MSGSEND = YES;
				ENABLE_TESTABILITY = YES;
				GCC_C_LANGUAGE_STANDARD = gnu11;
				GCC_DYNAMIC_NO_PIC = NO;
				GCC_NO_COMMON_BLOCKS = YES;
				GCC_OPTIMIZATION_LEVEL = 0;
				GCC_PREPROCESSOR_DEFINITIONS = (
					"DEBUG=1",
					"$(inherited)",
				);
				GCC_WARN_64_TO_32_BIT_CONVERSION = YES;
				GCC_WARN_ABOUT_RETURN_TYPE = YES_ERROR;
				GCC_WARN_UNDECLARED_SELECTOR = YES;
				GCC_WARN_UNINITIALIZED_AUTOS = YES_AGGRESSIVE;
				GCC_WARN_UNUSED_FUNCTION = YES;
				GCC_WARN_UNUSED_VARIABLE = YES;
				IPHONEOS_DEPLOYMENT_TARGET = 11.2;
				MTL_ENABLE_DEBUG_INFO = YES;
				ONLY_ACTIVE_ARCH = YES;
				SDKROOT = iphoneos;
				SWIFT_ACTIVE_COMPILATION_CONDITIONS = DEBUG;
				SWIFT_OPTIMIZATION_LEVEL = "-Onone";
			};
			name = Debug;
		};
		5F0D92B82023A9D800D9FBEF /* Release */ = {
			isa = XCBuildConfiguration;
			buildSettings = {
				ALWAYS_SEARCH_USER_PATHS = NO;
				CLANG_ANALYZER_NONNULL = YES;
				CLANG_ANALYZER_NUMBER_OBJECT_CONVERSION = YES_AGGRESSIVE;
				CLANG_CXX_LANGUAGE_STANDARD = "gnu++14";
				CLANG_CXX_LIBRARY = "libc++";
				CLANG_ENABLE_MODULES = YES;
				CLANG_ENABLE_OBJC_ARC = YES;
				CLANG_WARN_BLOCK_CAPTURE_AUTORELEASING = YES;
				CLANG_WARN_BOOL_CONVERSION = YES;
				CLANG_WARN_COMMA = YES;
				CLANG_WARN_CONSTANT_CONVERSION = YES;
				CLANG_WARN_DIRECT_OBJC_ISA_USAGE = YES_ERROR;
				CLANG_WARN_DOCUMENTATION_COMMENTS = YES;
				CLANG_WARN_EMPTY_BODY = YES;
				CLANG_WARN_ENUM_CONVERSION = YES;
				CLANG_WARN_INFINITE_RECURSION = YES;
				CLANG_WARN_INT_CONVERSION = YES;
				CLANG_WARN_NON_LITERAL_NULL_CONVERSION = YES;
				CLANG_WARN_OBJC_LITERAL_CONVERSION = YES;
				CLANG_WARN_OBJC_ROOT_CLASS = YES_ERROR;
				CLANG_WARN_RANGE_LOOP_ANALYSIS = YES;
				CLANG_WARN_STRICT_PROTOTYPES = YES;
				CLANG_WARN_SUSPICIOUS_MOVE = YES;
				CLANG_WARN_UNGUARDED_AVAILABILITY = YES_AGGRESSIVE;
				CLANG_WARN_UNREACHABLE_CODE = YES;
				CLANG_WARN__DUPLICATE_METHOD_MATCH = YES;
				CODE_SIGN_IDENTITY = "iPhone Developer";
				COPY_PHASE_STRIP = NO;
				DEBUG_INFORMATION_FORMAT = "dwarf-with-dsym";
				ENABLE_NS_ASSERTIONS = NO;
				ENABLE_STRICT_OBJC_MSGSEND = YES;
				GCC_C_LANGUAGE_STANDARD = gnu11;
				GCC_NO_COMMON_BLOCKS = YES;
				GCC_WARN_64_TO_32_BIT_CONVERSION = YES;
				GCC_WARN_ABOUT_RETURN_TYPE = YES_ERROR;
				GCC_WARN_UNDECLARED_SELECTOR = YES;
				GCC_WARN_UNINITIALIZED_AUTOS = YES_AGGRESSIVE;
				GCC_WARN_UNUSED_FUNCTION = YES;
				GCC_WARN_UNUSED_VARIABLE = YES;
				IPHONEOS_DEPLOYMENT_TARGET = 11.2;
				MTL_ENABLE_DEBUG_INFO = NO;
				SDKROOT = iphoneos;
				SWIFT_OPTIMIZATION_LEVEL = "-Owholemodule";
				VALIDATE_PRODUCT = YES;
			};
			name = Release;
		};
		5F0D92BA2023A9D800D9FBEF /* Debug */ = {
			isa = XCBuildConfiguration;
			baseConfigurationReference = 2338F2FB3E96D9CCFA245BC2 /* Pods-Manulife Account.debug.xcconfig */;
			buildSettings = {
				ASSETCATALOG_COMPILER_APPICON_NAME = AppIcon;
				CODE_SIGN_STYLE = Automatic;
				DEVELOPMENT_TEAM = Q7V5PH8THE;
				INFOPLIST_FILE = "Manulife Account/Supporting Files/Info.plist";
				IPHONEOS_DEPLOYMENT_TARGET = 10.2;
				LD_RUNPATH_SEARCH_PATHS = "$(inherited) @executable_path/Frameworks";
				PRODUCT_BUNDLE_IDENTIFIER = "jeff.Manulife-Account";
				PRODUCT_NAME = "$(TARGET_NAME)";
				SWIFT_VERSION = 4.0;
				TARGETED_DEVICE_FAMILY = "1,2";
			};
			name = Debug;
		};
		5F0D92BB2023A9D800D9FBEF /* Release */ = {
			isa = XCBuildConfiguration;
			baseConfigurationReference = 7DE6E9CD45A6A19805C2DF01 /* Pods-Manulife Account.release.xcconfig */;
			buildSettings = {
				ASSETCATALOG_COMPILER_APPICON_NAME = AppIcon;
				CODE_SIGN_STYLE = Automatic;
				DEVELOPMENT_TEAM = Q7V5PH8THE;
				INFOPLIST_FILE = "Manulife Account/Supporting Files/Info.plist";
				IPHONEOS_DEPLOYMENT_TARGET = 10.2;
				LD_RUNPATH_SEARCH_PATHS = "$(inherited) @executable_path/Frameworks";
				PRODUCT_BUNDLE_IDENTIFIER = "jeff.Manulife-Account";
				PRODUCT_NAME = "$(TARGET_NAME)";
				SWIFT_VERSION = 4.0;
				TARGETED_DEVICE_FAMILY = "1,2";
			};
			name = Release;
		};
/* End XCBuildConfiguration section */

/* Begin XCConfigurationList section */
		5F0D929F2023A9D800D9FBEF /* Build configuration list for PBXProject "Manulife Account" */ = {
			isa = XCConfigurationList;
			buildConfigurations = (
				5F0D92B72023A9D800D9FBEF /* Debug */,
				5F0D92B82023A9D800D9FBEF /* Release */,
			);
			defaultConfigurationIsVisible = 0;
			defaultConfigurationName = Release;
		};
		5F0D92B92023A9D800D9FBEF /* Build configuration list for PBXNativeTarget "Manulife Account" */ = {
			isa = XCConfigurationList;
			buildConfigurations = (
				5F0D92BA2023A9D800D9FBEF /* Debug */,
				5F0D92BB2023A9D800D9FBEF /* Release */,
			);
			defaultConfigurationIsVisible = 0;
			defaultConfigurationName = Release;
		};
/* End XCConfigurationList section */

/* Begin XCVersionGroup section */
		5F0D92AE2023A9D800D9FBEF /* Manulife_Account.xcdatamodeld */ = {
			isa = XCVersionGroup;
			children = (
				5F0D92AF2023A9D800D9FBEF /* Manulife_Account.xcdatamodel */,
			);
			currentVersion = 5F0D92AF2023A9D800D9FBEF /* Manulife_Account.xcdatamodel */;
			path = Manulife_Account.xcdatamodeld;
			sourceTree = "<group>";
			versionGroupType = wrapper.xcdatamodel;
		};
/* End XCVersionGroup section */
	};
	rootObject = 5F0D929C2023A9D800D9FBEF /* Project object */;
}
